
Microsoft Visual Studio Solution File, Format Version 12.00
Project("{2150E333-8FDC-42A3-9474-1A3956D46DE8}") = "src", "src", "{36262ED6-CDC1-475E-8137-15FD2AF1AB5E}"
EndProject
Project("{2150E333-8FDC-42A3-9474-1A3956D46DE8}") = "test", "test", "{E9552045-C750-4AFC-B26C-04B5A03F4CB3}"
EndProject
Project("{2150E333-8FDC-42A3-9474-1A3956D46DE8}") = "build", "build", "{F40289F2-383D-47A5-9757-B90E6FB89920}"
	ProjectSection(SolutionItems) = preProject
		build\README.md = build\README.md
	EndProjectSection
EndProject
Project("{2150E333-8FDC-42A3-9474-1A3956D46DE8}") = "deploy", "deploy", "{0C21A497-25BD-45AF-B689-1EE8105CDF6F}"
	ProjectSection(SolutionItems) = preProject
		deploy\README.md = deploy\README.md
	EndProjectSection
EndProject
Project("{2150E333-8FDC-42A3-9474-1A3956D46DE8}") = "doc", "doc", "{6AE49CA9-FF3A-4676-9446-7422FD4F6DA9}"
	ProjectSection(SolutionItems) = preProject
		doc\README.md = doc\README.md
	EndProjectSection
EndProject
Project("{FAE04EC0-301F-11D3-BF4B-00C04F79EFBC}") = "CB.SS.Host", "src\CB.SS.Host\CB.SS.Host.csproj", "{69D2E29A-C131-4CFC-B01E-B269F90667D5}"
EndProject
Project("{FAE04EC0-301F-11D3-BF4B-00C04F79EFBC}") = "CB.SS.Domain", "src\CB.SS.Domain\CB.SS.Domain.csproj", "{47EE2830-17D8-4D3A-A64B-80053B207884}"
EndProject
Project("{FAE04EC0-301F-11D3-BF4B-00C04F79EFBC}") = "CB.SS.Application", "src\CB.SS.Application\CB.SS.Application.csproj", "{8F914F43-B85E-4652-A747-6040B3B451B4}"
EndProject
Project("{FAE04EC0-301F-11D3-BF4B-00C04F79EFBC}") = "CB.SS.Presentation", "src\CB.SS.Presentation\CB.SS.Presentation.csproj", "{FEE78EA4-C482-41ED-A33A-09C70498EF9F}"
EndProject
Project("{FAE04EC0-301F-11D3-BF4B-00C04F79EFBC}") = "CB.SS.ApplicationTest", "test\CB.SS.ApplicationTest\CB.SS.ApplicationTest.csproj", "{D9B40600-749D-4861-87BC-589BEEFE47BE}"
EndProject
Project("{FAE04EC0-301F-11D3-BF4B-00C04F79EFBC}") = "CB.SS.RepositoryTest", "test\CB.SS.RepositoryTest\CB.SS.RepositoryTest.csproj", "{623F585C-8503-4151-B7E3-FB9D85126C4D}"
EndProject
Project("{FAE04EC0-301F-11D3-BF4B-00C04F79EFBC}") = "CB.SS.Repository", "src\CB.SS.Repository\CB.SS.Repository.csproj", "{EF57155A-CA21-4C57-8E84-BEE395B43096}"
EndProject
Global
	GlobalSection(SolutionConfigurationPlatforms) = preSolution
		Debug|Any CPU = Debug|Any CPU
		Release|Any CPU = Release|Any CPU
	EndGlobalSection
	GlobalSection(ProjectConfigurationPlatforms) = postSolution
		{69D2E29A-C131-4CFC-B01E-B269F90667D5}.Debug|Any CPU.ActiveCfg = Debug|Any CPU
		{69D2E29A-C131-4CFC-B01E-B269F90667D5}.Debug|Any CPU.Build.0 = Debug|Any CPU
		{69D2E29A-C131-4CFC-B01E-B269F90667D5}.Release|Any CPU.ActiveCfg = Release|Any CPU
		{69D2E29A-C131-4CFC-B01E-B269F90667D5}.Release|Any CPU.Build.0 = Release|Any CPU
		{47EE2830-17D8-4D3A-A64B-80053B207884}.Debug|Any CPU.ActiveCfg = Debug|Any CPU
		{47EE2830-17D8-4D3A-A64B-80053B207884}.Debug|Any CPU.Build.0 = Debug|Any CPU
		{47EE2830-17D8-4D3A-A64B-80053B207884}.Release|Any CPU.ActiveCfg = Release|Any CPU
		{47EE2830-17D8-4D3A-A64B-80053B207884}.Release|Any CPU.Build.0 = Release|Any CPU
		{8F914F43-B85E-4652-A747-6040B3B451B4}.Debug|Any CPU.ActiveCfg = Debug|Any CPU
		{8F914F43-B85E-4652-A747-6040B3B451B4}.Debug|Any CPU.Build.0 = Debug|Any CPU
		{8F914F43-B85E-4652-A747-6040B3B451B4}.Release|Any CPU.ActiveCfg = Release|Any CPU
		{8F914F43-B85E-4652-A747-6040B3B451B4}.Release|Any CPU.Build.0 = Release|Any CPU
		{FEE78EA4-C482-41ED-A33A-09C70498EF9F}.Debug|Any CPU.ActiveCfg = Debug|Any CPU
		{FEE78EA4-C482-41ED-A33A-09C70498EF9F}.Debug|Any CPU.Build.0 = Debug|Any CPU
		{FEE78EA4-C482-41ED-A33A-09C70498EF9F}.Release|Any CPU.ActiveCfg = Release|Any CPU
		{FEE78EA4-C482-41ED-A33A-09C70498EF9F}.Release|Any CPU.Build.0 = Release|Any CPU
		{D9B40600-749D-4861-87BC-589BEEFE47BE}.Debug|Any CPU.ActiveCfg = Debug|Any CPU
		{D9B40600-749D-4861-87BC-589BEEFE47BE}.Debug|Any CPU.Build.0 = Debug|Any CPU
		{D9B40600-749D-4861-87BC-589BEEFE47BE}.Release|Any CPU.ActiveCfg = Release|Any CPU
		{D9B40600-749D-4861-87BC-589BEEFE47BE}.Release|Any CPU.Build.0 = Release|Any CPU
		{623F585C-8503-4151-B7E3-FB9D85126C4D}.Debug|Any CPU.ActiveCfg = Debug|Any CPU
		{623F585C-8503-4151-B7E3-FB9D85126C4D}.Debug|Any CPU.Build.0 = Debug|Any CPU
		{623F585C-8503-4151-B7E3-FB9D85126C4D}.Release|Any CPU.ActiveCfg = Release|Any CPU
		{623F585C-8503-4151-B7E3-FB9D85126C4D}.Release|Any CPU.Build.0 = Release|Any CPU
		{EF57155A-CA21-4C57-8E84-BEE395B43096}.Debug|Any CPU.ActiveCfg = Debug|Any CPU
		{EF57155A-CA21-4C57-8E84-BEE395B43096}.Debug|Any CPU.Build.0 = Debug|Any CPU
		{EF57155A-CA21-4C57-8E84-BEE395B43096}.Release|Any CPU.ActiveCfg = Release|Any CPU
		{EF57155A-CA21-4C57-8E84-BEE395B43096}.Release|Any CPU.Build.0 = Release|Any CPU
	EndGlobalSection
	GlobalSection(NestedProjects) = preSolution
		{69D2E29A-C131-4CFC-B01E-B269F90667D5} = {36262ED6-CDC1-475E-8137-15FD2AF1AB5E}
		{47EE2830-17D8-4D3A-A64B-80053B207884} = {36262ED6-CDC1-475E-8137-15FD2AF1AB5E}
		{8F914F43-B85E-4652-A747-6040B3B451B4} = {36262ED6-CDC1-475E-8137-15FD2AF1AB5E}
		{FEE78EA4-C482-41ED-A33A-09C70498EF9F} = {36262ED6-CDC1-475E-8137-15FD2AF1AB5E}
		{D9B40600-749D-4861-87BC-589BEEFE47BE} = {E9552045-C750-4AFC-B26C-04B5A03F4CB3}
		{623F585C-8503-4151-B7E3-FB9D85126C4D} = {E9552045-C750-4AFC-B26C-04B5A03F4CB3}
		{EF57155A-CA21-4C57-8E84-BEE395B43096} = {36262ED6-CDC1-475E-8137-15FD2AF1AB5E}
	EndGlobalSection
EndGlobal
